
Microsoft Visual Studio Solution File, Format Version 12.00
# Visual Studio 2012
Project("{FAE04EC0-301F-11D3-BF4B-00C04F79EFBC}") = "Timetable.Site", "Timetable.Site\Timetable.Site.csproj", "{4D7D6CF6-67E6-4192-800C-0CD43A0A63F1}"
EndProject
Project("{F088123C-0E9E-452A-89E6-6BA2F21D5CAC}") = "ModelingProject1", "ModelingProject1\ModelingProject1.modelproj", "{5FACC16D-0125-4367-98A6-FAFDDD363990}"
EndProject
Global
	GlobalSection(TeamFoundationVersionControl) = preSolution
		SccNumberOfProjects = 1
		SccEnterpriseProvider = {4CA58AB2-18FA-4F8D-95D4-32DDF27D184C}
		SccTeamFoundationServer = http://193.232.254.196:6059/tfs/defaultcollection
		SccProjectUniqueName0 = Timetable.Site\\Timetable.Site.csproj
		SccProjectName0 = Timetable.Site
		SccAuxPath0 = http://193.232.254.196:6059/tfs/defaultcollection
		SccLocalPath0 = Timetable.Site
		SccProvider0 = {4CA58AB2-18FA-4F8D-95D4-32DDF27D184C}
	EndGlobalSection
	GlobalSection(TestCaseManagementSettings) = postSolution
		CategoryFile = PetrSU.Timetable.vsmdi
	EndGlobalSection
	GlobalSection(SolutionConfigurationPlatforms) = preSolution
		Debug|Any CPU = Debug|Any CPU
		Release|Any CPU = Release|Any CPU
	EndGlobalSection
	GlobalSection(ProjectConfigurationPlatforms) = postSolution
		{4D7D6CF6-67E6-4192-800C-0CD43A0A63F1}.Debug|Any CPU.ActiveCfg = Debug|Any CPU
		{4D7D6CF6-67E6-4192-800C-0CD43A0A63F1}.Debug|Any CPU.Build.0 = Debug|Any CPU
		{4D7D6CF6-67E6-4192-800C-0CD43A0A63F1}.Release|Any CPU.ActiveCfg = Release|Any CPU
		{4D7D6CF6-67E6-4192-800C-0CD43A0A63F1}.Release|Any CPU.Build.0 = Release|Any CPU
		{5FACC16D-0125-4367-98A6-FAFDDD363990}.Debug|Any CPU.ActiveCfg = Debug|Any CPU
		{5FACC16D-0125-4367-98A6-FAFDDD363990}.Debug|Any CPU.Build.0 = Debug|Any CPU
		{5FACC16D-0125-4367-98A6-FAFDDD363990}.Release|Any CPU.ActiveCfg = Release|Any CPU
		{5FACC16D-0125-4367-98A6-FAFDDD363990}.Release|Any CPU.Build.0 = Release|Any CPU
	EndGlobalSection
	GlobalSection(SolutionProperties) = preSolution
		HideSolutionNode = FALSE
	EndGlobalSection
	GlobalSection(Performance) = preSolution
		HasPerformanceSessions = true
	EndGlobalSection
EndGlobal
